
Microsoft Visual Studio Solution File, Format Version 12.00
# Visual Studio 2012
Project("{FAE04EC0-301F-11D3-BF4B-00C04F79EFBC}") = "Monopoly.Tests", "Monopoly.Tests\Monopoly.Tests.csproj", "{9BABC2DA-3338-4304-B5F7-55C799A3C456}"
EndProject
Project("{FAE04EC0-301F-11D3-BF4B-00C04F79EFBC}") = "Monopoloy.Core", "Monopoloy.Core\Monopoloy.Core.csproj", "{D7CCC692-5D31-4120-A38A-B8D9E2640397}"
EndProject
Global
	GlobalSection(SolutionConfigurationPlatforms) = preSolution
		Debug|Any CPU = Debug|Any CPU
		Release|Any CPU = Release|Any CPU
	EndGlobalSection
	GlobalSection(ProjectConfigurationPlatforms) = postSolution
		{9BABC2DA-3338-4304-B5F7-55C799A3C456}.Debug|Any CPU.ActiveCfg = Debug|Any CPU
		{9BABC2DA-3338-4304-B5F7-55C799A3C456}.Debug|Any CPU.Build.0 = Debug|Any CPU
		{9BABC2DA-3338-4304-B5F7-55C799A3C456}.Release|Any CPU.ActiveCfg = Release|Any CPU
		{9BABC2DA-3338-4304-B5F7-55C799A3C456}.Release|Any CPU.Build.0 = Release|Any CPU
		{D7CCC692-5D31-4120-A38A-B8D9E2640397}.Debug|Any CPU.ActiveCfg = Debug|Any CPU
		{D7CCC692-5D31-4120-A38A-B8D9E2640397}.Debug|Any CPU.Build.0 = Debug|Any CPU
		{D7CCC692-5D31-4120-A38A-B8D9E2640397}.Release|Any CPU.ActiveCfg = Release|Any CPU
		{D7CCC692-5D31-4120-A38A-B8D9E2640397}.Release|Any CPU.Build.0 = Release|Any CPU
	EndGlobalSection
	GlobalSection(SolutionProperties) = preSolution
		HideSolutionNode = FALSE
	EndGlobalSection
EndGlobal
